{
  "name": "vite-ts-tailwind",
  "version": "0.0.1",
  "lockfileVersion": 1,
  "requires": true,
  "dependencies": {
    "@vueuse/core": {
      "version": "4.0.0-rc.7",
      "resolved": "https://registry.npmjs.org/@vueuse/core/-/core-4.0.0-rc.7.tgz",
      "integrity": "sha512-a45qj5TfihUJ5Q7BGHPjl7J5ugoikEoWCisiHXo2tCiSKoCVIu9GD/p0+ldYeDNyIAQZQuEO2Kn9weP8kw3LiQ==",
      "requires": {
        "@vueuse/shared": "4.0.0-rc.7",
        "vue-demi": "^0.4.5"
      }
    },
    "@vueuse/shared": {
      "version": "4.0.0-rc.7",
      "resolved": "https://registry.npmjs.org/@vueuse/shared/-/shared-4.0.0-rc.7.tgz",
      "integrity": "sha512-KX/JS48jejv6Ezx4TLymjltKlfRFcdw9n9qT89D4J6ygU6cechJEtpD6ACCKGehy8VkW2xKHduvioZtSLr3cNQ==",
      "requires": {
        "vue-demi": "^0.4.5"
      }
    },
    "vue-demi": {
      "version": "0.4.5",
      "resolved": "https://registry.npmjs.org/vue-demi/-/vue-demi-0.4.5.tgz",
      "integrity": "sha512-51xf1B6hV2PfjnzYHO/yUForFCRQ49KS8ngQb5T6l1HDEmfghTFtsxtRa5tbx4eqQsH76ll/0gIxuf1gei0ubw=="
    }
  }
}
